# cordanaLLM/praetor Lockfile
# Cryptographic digest of inherited archetypes, facets, and toolchain rules.
#
# Every entry digest is sha256 over the referenced .config/archetypes source file.
# The top-level digest is sha256 over the sorted "<kind>:<id>=<digest>" lines, one per
# line with a trailing newline. `praetorctl audit` recomputes both and rejects
# placeholder values, so regenerate this file whenever an archetype changes; the audit
# failure message prints the expected digest.
version: 1
pinned_version: "v1.0.0"
digest: "sha256:b4170715a2d03257599e88548f30accf17098e293b7f2b53ccced4fdd43d2e41"
generated_at: "2026-09-12T00:00:00Z"
profiles:
  - id: "framework"
    version: "v1.0.0"
    digest: "sha256:625c316942f79c37e04e2e9ccac1ddd73cc6c5c4521f9327c3cf4250c3192aab"
facets:
  - id: "security:high"
    version: "v1.0.0"
    digest: "sha256:9bd59f0725d472b1516ba74556feada0e3868f4642bc08dd2d67a2cc26e87778"
  - id: "api:public-contract"
    version: "v1.0.0"
    digest: "sha256:5ddb1a0912620e0cd8c6cf6185fd5d4cdf01fe042d10caa043356560fe10824b"
  - id: "docs:seo-portal"
    version: "v1.0.0"
    digest: "sha256:145722c161ed8e436369d573c2b736fe7f579b8a1e33a85119e3b10268563428"
  - id: "agent:sandboxed"
    version: "v1.0.0"
    digest: "sha256:bc87486dea71e54d20549d6054dcf290d3d700e37b304cbdb6d6c1a2def895f2"
  - id: "tooling:vscode-extension"
    version: "v1.0.0"
    digest: "sha256:b091d774ccb601b495a403658d4e406a811e14455593cc84bb0f05d07d80fa9a"
