# cordanaLLM/praetor Lockfile
# Cryptographic digest of inherited archetypes, facets, and toolchain rules.
#
# Every entry digest is sha256 over the referenced .config/archetypes source file.
# The top-level digest is sha256 over the sorted "<kind>:<id>=<digest>" lines, one per
# line with a trailing newline. `praetorctl audit` recomputes both and rejects
# placeholder values, so regenerate this file whenever an archetype changes; the audit
# failure message prints the expected digest.
version: 1
pinned_version: "v1.0.0"
digest: "sha256:ca4ae5fb110eda5ff2aa3c8e3cdebad58ee1af2e88ad1d32011a3048a45c2023"
generated_at: "2026-09-12T00:00:00Z"
profiles:
  - id: "framework"
    version: "v1.0.0"
    digest: "sha256:91d601b8481143fa9621ab0f61d2d6e261af7a97d71ecc911868067e30ff0406"
facets:
  - id: "security:high"
    version: "v1.0.0"
    digest: "sha256:34de9dc4fe2b7da48c152c2e7457891ebc41ace8e671fd1db0f49e1fafcb567f"
  - id: "api:public-contract"
    version: "v1.0.0"
    digest: "sha256:4de328ae5f1c4a993f45c258758d105395b92b2974abf52023fc685b61dafdd9"
  - id: "docs:seo-portal"
    version: "v1.0.0"
    digest: "sha256:3381e1b7ab5cfb1029fa1b96cd84c7d3d5a890bc2d1f340a7b4e8b5bf61e2256"
  - id: "agent:sandboxed"
    version: "v1.0.0"
    digest: "sha256:0ef3ebf5423873d200e12ba405ca93b3064c57eedf9091852f2d69316dfb7c63"
  - id: "tooling:vscode-extension"
    version: "v1.0.0"
    digest: "sha256:c6c06e4f951b2c6d72df15f7d4c095892db3d64a1d616b5cfdae462d6ba9c26d"
